
Microsoft Visual Studio Solution File, Format Version 12.00
# Visual Studio Version 17
VisualStudioVersion = 17.5.002.0
MinimumVisualStudioVersion = 10.0.40219.1
Project("{9A19103F-16F7-4668-BE54-9A1E7A4F7556}") = "exercicios-heranca", "exercicios-heranca.csproj", "{122F507E-DD18-4D07-85FB-16DE9ADF419C}"
EndProject
Global
	GlobalSection(SolutionConfigurationPlatforms) = preSolution
		Debug|Any CPU = Debug|Any CPU
		Release|Any CPU = Release|Any CPU
	EndGlobalSection
	GlobalSection(ProjectConfigurationPlatforms) = postSolution
		{122F507E-DD18-4D07-85FB-16DE9ADF419C}.Debug|Any CPU.ActiveCfg = Debug|Any CPU
		{122F507E-DD18-4D07-85FB-16DE9ADF419C}.Debug|Any CPU.Build.0 = Debug|Any CPU
		{122F507E-DD18-4D07-85FB-16DE9ADF419C}.Release|Any CPU.ActiveCfg = Release|Any CPU
		{122F507E-DD18-4D07-85FB-16DE9ADF419C}.Release|Any CPU.Build.0 = Release|Any CPU
	EndGlobalSection
	GlobalSection(SolutionProperties) = preSolution
		HideSolutionNode = FALSE
	EndGlobalSection
	GlobalSection(ExtensibilityGlobals) = postSolution
		SolutionGuid = {5AF04772-7EEF-4CD6-98C4-B3ACFB85F4BD}
	EndGlobalSection
EndGlobal
